// !$*UTF8*$!
{
	archiveVersion = 1;
	classes = {
	};
	objectVersion = 46;
	objects = {

/* Begin PBXBuildFile section */
		078B502A1A021EE500967FE8 /* main.m in Sources */ = {isa = PBXBuildFile; fileRef = 078B50291A021EE500967FE8 /* main.m */; };
		078B502D1A021EE500967FE8 /* AppDelegate.m in Sources */ = {isa = PBXBuildFile; fileRef = 078B502C1A021EE500967FE8 /* AppDelegate.m */; };
		078B50301A021EE500967FE8 /* ViewController.m in Sources */ = {isa = PBXBuildFile; fileRef = 078B502F1A021EE500967FE8 /* ViewController.m */; };
		078B50331A021EE500967FE8 /* Main.storyboard in Resources */ = {isa = PBXBuildFile; fileRef = 078B50311A021EE500967FE8 /* Main.storyboard */; };
		078B50351A021EE500967FE8 /* Images.xcassets in Resources */ = {isa = PBXBuildFile; fileRef = 078B50341A021EE500967FE8 /* Images.xcassets */; };
		078B50381A021EE500967FE8 /* LaunchScreen.xib in Resources */ = {isa = PBXBuildFile; fileRef = 078B50361A021EE500967FE8 /* LaunchScreen.xib */; };
		078B50441A021EE500967FE8 /* TestWeb2NativeTests.m in Sources */ = {isa = PBXBuildFile; fileRef = 078B50431A021EE500967FE8 /* TestWeb2NativeTests.m */; };
/* End PBXBuildFile section */

/* Begin PBXContainerItemProxy section */
		078B503E1A021EE500967FE8 /* PBXContainerItemProxy */ = {
			isa = PBXContainerItemProxy;
			containerPortal = 078B501C1A021EE500967FE8 /* Project object */;
			proxyType = 1;
			remoteGlobalIDString = 078B50231A021EE500967FE8;
			remoteInfo = TestWeb2Native;
		};
/* End PBXContainerItemProxy section */

/* Begin PBXFileReference section */
		078B50241A021EE500967FE8 /* TestWeb2Native.app */ = {isa = PBXFileReference; explicitFileType = wrapper.application; includeInIndex = 0; path = TestWeb2Native.app; sourceTree = BUILT_PRODUCTS_DIR; };
		078B50281A021EE500967FE8 /* Info.plist */ = {isa = PBXFileReference; lastKnownFileType = text.plist.xml; path = Info.plist; sourceTree = "<group>"; };
		078B50291A021EE500967FE8 /* main.m */ = {isa = PBXFileReference; lastKnownFileType = sourcecode.c.objc; path = main.m; sourceTree = "<group>"; };
		078B502B1A021EE500967FE8 /* AppDelegate.h */ = {isa = PBXFileReference; lastKnownFileType = sourcecode.c.h; path = AppDelegate.h; sourceTree = "<group>"; };
		078B502C1A021EE500967FE8 /* AppDelegate.m */ = {isa = PBXFileReference; lastKnownFileType = sourcecode.c.objc; path = AppDelegate.m; sourceTree = "<group>"; };
		078B502E1A021EE500967FE8 /* ViewController.h */ = {isa = PBXFileReference; lastKnownFileType = sourcecode.c.h; path = ViewController.h; sourceTree = "<group>"; };
		078B502F1A021EE500967FE8 /* ViewController.m */ = {isa = PBXFileReference; lastKnownFileType = sourcecode.c.objc; path = ViewController.m; sourceTree = "<group>"; };
		078B50321A021EE500967FE8 /* Base */ = {isa = PBXFileReference; lastKnownFileType = file.storyboard; name = Base; path = Base.lproj/Main.storyboard; sourceTree = "<group>"; };
		078B50341A021EE500967FE8 /* Images.xcassets */ = {isa = PBXFileReference; lastKnownFileType = folder.assetcatalog; path = Images.xcassets; sourceTree = "<group>"; };
		078B50371A021EE500967FE8 /* Base */ = {isa = PBXFileReference; lastKnownFileType = file.xib; name = Base; path = Base.lproj/LaunchScreen.xib; sourceTree = "<group>"; };
		078B503D1A021EE500967FE8 /* TestWeb2NativeTests.xctest */ = {isa = PBXFileReference; explicitFileType = wrapper.cfbundle; includeInIndex = 0; path = TestWeb2NativeTests.xctest; sourceTree = BUILT_PRODUCTS_DIR; };
		078B50421A021EE500967FE8 /* Info.plist */ = {isa = PBXFileReference; lastKnownFileType = text.plist.xml; path = Info.plist; sourceTree = "<group>"; };
		078B50431A021EE500967FE8 /* TestWeb2NativeTests.m */ = {isa = PBXFileReference; lastKnownFileType = sourcecode.c.objc; path = TestWeb2NativeTests.m; sourceTree = "<group>"; };
/* End PBXFileReference section */

/* Begin PBXFrameworksBuildPhase section */
		078B50211A021EE500967FE8 /* Frameworks */ = {
			isa = PBXFrameworksBuildPhase;
			buildActionMask = 2147483647;
			files = (
			);
			runOnlyForDeploymentPostprocessing = 0;
		};
		078B503A1A021EE500967FE8 /* Frameworks */ = {
			isa = PBXFrameworksBuildPhase;
			buildActionMask = 2147483647;
			files = (
			);
			runOnlyForDeploymentPostprocessing = 0;
		};
/* End PBXFrameworksBuildPhase section */

/* Begin PBXGroup section */
		078B501B1A021EE500967FE8 = {
			isa = PBXGroup;
			children = (
				078B50261A021EE500967FE8 /* TestWeb2Native */,
				078B50401A021EE500967FE8 /* TestWeb2NativeTests */,
				078B50251A021EE500967FE8 /* Products */,
			);
			sourceTree = "<group>";
		};
		078B50251A021EE500967FE8 /* Products */ = {
			isa = PBXGroup;
			children = (
				078B50241A021EE500967FE8 /* TestWeb2Native.app */,
				078B503D1A021EE500967FE8 /* TestWeb2NativeTests.xctest */,
			);
			name = Products;
			sourceTree = "<group>";
		};
		078B50261A021EE500967FE8 /* TestWeb2Native */ = {
			isa = PBXGroup;
			children = (
				078B502B1A021EE500967FE8 /* AppDelegate.h */,
				078B502C1A021EE500967FE8 /* AppDelegate.m */,
				078B502E1A021EE500967FE8 /* ViewController.h */,
				078B502F1A021EE500967FE8 /* ViewController.m */,
				078B50311A021EE500967FE8 /* Main.storyboard */,
				078B50341A021EE500967FE8 /* Images.xcassets */,
				078B50361A021EE500967FE8 /* LaunchScreen.xib */,
				078B50271A021EE500967FE8 /* Supporting Files */,
			);
			path = TestWeb2Native;
			sourceTree = "<group>";
		};
		078B50271A021EE500967FE8 /* Supporting Files */ = {
			isa = PBXGroup;
			children = (
				078B50281A021EE500967FE8 /* Info.plist */,
				078B50291A021EE500967FE8 /* main.m */,
			);
			name = "Supporting Files";
			sourceTree = "<group>";
		};
		078B50401A021EE500967FE8 /* TestWeb2NativeTests */ = {
			isa = PBXGroup;
			children = (
				078B50431A021EE500967FE8 /* TestWeb2NativeTests.m */,
				078B50411A021EE500967FE8 /* Supporting Files */,
			);
			path = TestWeb2NativeTests;
			sourceTree = "<group>";
		};
		078B50411A021EE500967FE8 /* Supporting Files */ = {
			isa = PBXGroup;
			children = (
				078B50421A021EE500967FE8 /* Info.plist */,
			);
			name = "Supporting Files";
			sourceTree = "<group>";
		};
/* End PBXGroup section */

/* Begin PBXNativeTarget section */
		078B50231A021EE500967FE8 /* TestWeb2Native */ = {
			isa = PBXNativeTarget;
			buildConfigurationList = 078B50471A021EE500967FE8 /* Build configuration list for PBXNativeTarget "TestWeb2Native" */;
			buildPhases = (
				078B50201A021EE500967FE8 /* Sources */,
				078B50211A021EE500967FE8 /* Frameworks */,
				078B50221A021EE500967FE8 /* Resources */,
			);
			buildRules = (
			);
			dependencies = (
			);
			name = TestWeb2Native;
			productName = TestWeb2Native;
			productReference = 078B50241A021EE500967FE8 /* TestWeb2Native.app */;
			productType = "com.apple.product-type.application";
		};
		078B503C1A021EE500967FE8 /* TestWeb2NativeTests */ = {
			isa = PBXNativeTarget;
			buildConfigurationList = 078B504A1A021EE500967FE8 /* Build configuration list for PBXNativeTarget "TestWeb2NativeTests" */;
			buildPhases = (
				078B50391A021EE500967FE8 /* Sources */,
				078B503A1A021EE500967FE8 /* Frameworks */,
				078B503B1A021EE500967FE8 /* Resources */,
			);
			buildRules = (
			);
			dependencies = (
				078B503F1A021EE500967FE8 /* PBXTargetDependency */,
			);
			name = TestWeb2NativeTests;
			productName = TestWeb2NativeTests;
			productReference = 078B503D1A021EE500967FE8 /* TestWeb2NativeTests.xctest */;
			productType = "com.apple.product-type.bundle.unit-test";
		};
/* End PBXNativeTarget section */

/* Begin PBXProject section */
		078B501C1A021EE500967FE8 /* Project object */ = {
			isa = PBXProject;
			attributes = {
				LastUpgradeCheck = 0610;
				ORGANIZATIONNAME = Snail;
				TargetAttributes = {
					078B50231A021EE500967FE8 = {
						CreatedOnToolsVersion = 6.1;
					};
					078B503C1A021EE500967FE8 = {
						CreatedOnToolsVersion = 6.1;
						TestTargetID = 078B50231A021EE500967FE8;
					};
				};
			};
			buildConfigurationList = 078B501F1A021EE500967FE8 /* Build configuration list for PBXProject "TestWeb2Native" */;
			compatibilityVersion = "Xcode 3.2";
			developmentRegion = English;
			hasScannedForEncodings = 0;
			knownRegions = (
				en,
				Base,
			);
			mainGroup = 078B501B1A021EE500967FE8;
			productRefGroup = 078B50251A021EE500967FE8 /* Products */;
			projectDirPath = "";
			projectRoot = "";
			targets = (
				078B50231A021EE500967FE8 /* TestWeb2Native */,
				078B503C1A021EE500967FE8 /* TestWeb2NativeTests */,
			);
		};
/* End PBXProject section */

/* Begin PBXResourcesBuildPhase section */
		078B50221A021EE500967FE8 /* Resources */ = {
			isa = PBXResourcesBuildPhase;
			buildActionMask = 2147483647;
			files = (
				078B50331A021EE500967FE8 /* Main.storyboard in Resources */,
				078B50381A021EE500967FE8 /* LaunchScreen.xib in Resources */,
				078B50351A021EE500967FE8 /* Images.xcassets in Resources */,
			);
			runOnlyForDeploymentPostprocessing = 0;
		};
		078B503B1A021EE500967FE8 /* Resources */ = {
			isa = PBXResourcesBuildPhase;
			buildActionMask = 2147483647;
			files = (
			);
			runOnlyForDeploymentPostprocessing = 0;
		};
/* End PBXResourcesBuildPhase section */

/* Begin PBXSourcesBuildPhase section */
		078B50201A021EE500967FE8 /* Sources */ = {
			isa = PBXSourcesBuildPhase;
			buildActionMask = 2147483647;
			files = (
				078B50301A021EE500967FE8 /* ViewController.m in Sources */,
				078B502D1A021EE500967FE8 /* AppDelegate.m in Sources */,
				078B502A1A021EE500967FE8 /* main.m in Sources */,
			);
			runOnlyForDeploymentPostprocessing = 0;
		};
		078B50391A021EE500967FE8 /* Sources */ = {
			isa = PBXSourcesBuildPhase;
			buildActionMask = 2147483647;
			files = (
				078B50441A021EE500967FE8 /* TestWeb2NativeTests.m in Sources */,
			);
			runOnlyForDeploymentPostprocessing = 0;
		};
/* End PBXSourcesBuildPhase section */

/* Begin PBXTargetDependency section */
		078B503F1A021EE500967FE8 /* PBXTargetDependency */ = {
			isa = PBXTargetDependency;
			target = 078B50231A021EE500967FE8 /* TestWeb2Native */;
			targetProxy = 078B503E1A021EE500967FE8 /* PBXContainerItemProxy */;
		};
/* End PBXTargetDependency section */

/* Begin PBXVariantGroup section */
		078B50311A021EE500967FE8 /* Main.storyboard */ = {
			isa = PBXVariantGroup;
			children = (
				078B50321A021EE500967FE8 /* Base */,
			);
			name = Main.storyboard;
			sourceTree = "<group>";
		};
		078B50361A021EE500967FE8 /* LaunchScreen.xib */ = {
			isa = PBXVariantGroup;
			children = (
				078B50371A021EE500967FE8 /* Base */,
			);
			name = LaunchScreen.xib;
			sourceTree = "<group>";
		};
/* End PBXVariantGroup section */

/* Begin XCBuildConfiguration section */
		078B50451A021EE500967FE8 /* Debug */ = {
			isa = XCBuildConfiguration;
			buildSettings = {
				ALWAYS_SEARCH_USER_PATHS = NO;
				CLANG_CXX_LANGUAGE_STANDARD = "gnu++0x";
				CLANG_CXX_LIBRARY = "libc++";
				CLANG_ENABLE_MODULES = YES;
				CLANG_ENABLE_OBJC_ARC = YES;
				CLANG_WARN_BOOL_CONVERSION = YES;
				CLANG_WARN_CONSTANT_CONVERSION = YES;
				CLANG_WARN_DIRECT_OBJC_ISA_USAGE = YES_ERROR;
				CLANG_WARN_EMPTY_BODY = YES;
				CLANG_WARN_ENUM_CONVERSION = YES;
				CLANG_WARN_INT_CONVERSION = YES;
				CLANG_WARN_OBJC_ROOT_CLASS = YES_ERROR;
				CLANG_WARN_UNREACHABLE_CODE = YES;
				CLANG_WARN__DUPLICATE_METHOD_MATCH = YES;
				"CODE_SIGN_IDENTITY[sdk=iphoneos*]" = "iPhone Developer";
				COPY_PHASE_STRIP = NO;
				ENABLE_STRICT_OBJC_MSGSEND = YES;
				GCC_C_LANGUAGE_STANDARD = gnu99;
				GCC_DYNAMIC_NO_PIC = NO;
				GCC_OPTIMIZATION_LEVEL = 0;
				GCC_PREPROCESSOR_DEFINITIONS = (
					"DEBUG=1",
					"$(inherited)",
				);
				GCC_SYMBOLS_PRIVATE_EXTERN = NO;
				GCC_WARN_64_TO_32_BIT_CONVERSION = YES;
				GCC_WARN_ABOUT_RETURN_TYPE = YES_ERROR;
				GCC_WARN_UNDECLARED_SELECTOR = YES;
				GCC_WARN_UNINITIALIZED_AUTOS = YES_AGGRESSIVE;
				GCC_WARN_UNUSED_FUNCTION = YES;
				GCC_WARN_UNUSED_VARIABLE = YES;
				IPHONEOS_DEPLOYMENT_TARGET = 8.1;
				MTL_ENABLE_DEBUG_INFO = YES;
				ONLY_ACTIVE_ARCH = YES;
				SDKROOT = iphoneos;
			};
			name = Debug;
		};
		078B50461A021EE500967FE8 /* Release */ = {
			isa = XCBuildConfiguration;
			buildSettings = {
				ALWAYS_SEARCH_USER_PATHS = NO;
				CLANG_CXX_LANGUAGE_STANDARD = "gnu++0x";
				CLANG_CXX_LIBRARY = "libc++";
				CLANG_ENABLE_MODULES = YES;
				CLANG_ENABLE_OBJC_ARC = YES;
				CLANG_WARN_BOOL_CONVERSION = YES;
				CLANG_WARN_CONSTANT_CONVERSION = YES;
				CLANG_WARN_DIRECT_OBJC_ISA_USAGE = YES_ERROR;
				CLANG_WARN_EMPTY_BODY = YES;
				CLANG_WARN_ENUM_CONVERSION = YES;
				CLANG_WARN_INT_CONVERSION = YES;
				CLANG_WARN_OBJC_ROOT_CLASS = YES_ERROR;
				CLANG_WARN_UNREACHABLE_CODE = YES;
				CLANG_WARN__DUPLICATE_METHOD_MATCH = YES;
				"CODE_SIGN_IDENTITY[sdk=iphoneos*]" = "iPhone Developer";
				COPY_PHASE_STRIP = YES;
				ENABLE_NS_ASSERTIONS = NO;
				ENABLE_STRICT_OBJC_MSGSEND = YES;
				GCC_C_LANGUAGE_STANDARD = gnu99;
				GCC_WARN_64_TO_32_BIT_CONVERSION = YES;
				GCC_WARN_ABOUT_RETURN_TYPE = YES_ERROR;
				GCC_WARN_UNDECLARED_SELECTOR = YES;
				GCC_WARN_UNINITIALIZED_AUTOS = YES_AGGRESSIVE;
				GCC_WARN_UNUSED_FUNCTION = YES;
				GCC_WARN_UNUSED_VARIABLE = YES;
				IPHONEOS_DEPLOYMENT_TARGET = 8.1;
				MTL_ENABLE_DEBUG_INFO = NO;
				SDKROOT = iphoneos;
				VALIDATE_PRODUCT = YES;
			};
			name = Release;
		};
		078B50481A021EE500967FE8 /* Debug */ = {
			isa = XCBuildConfiguration;
			buildSettings = {
				ASSETCATALOG_COMPILER_APPICON_NAME = AppIcon;
				INFOPLIST_FILE = TestWeb2Native/Info.plist;
				LD_RUNPATH_SEARCH_PATHS = "$(inherited) @executable_path/Frameworks";
				PRODUCT_NAME = "$(TARGET_NAME)";
			};
			name = Debug;
		};
		078B50491A021EE500967FE8 /* Release */ = {
			isa = XCBuildConfiguration;
			buildSettings = {
				ASSETCATALOG_COMPILER_APPICON_NAME = AppIcon;
				INFOPLIST_FILE = TestWeb2Native/Info.plist;
				LD_RUNPATH_SEARCH_PATHS = "$(inherited) @executable_path/Frameworks";
				PRODUCT_NAME = "$(TARGET_NAME)";
			};
			name = Release;
		};
		078B504B1A021EE500967FE8 /* Debug */ = {
			isa = XCBuildConfiguration;
			buildSettings = {
				BUNDLE_LOADER = "$(TEST_HOST)";
				FRAMEWORK_SEARCH_PATHS = (
					"$(SDKROOT)/Developer/Library/Frameworks",
					"$(inherited)",
				);
				GCC_PREPROCESSOR_DEFINITIONS = (
					"DEBUG=1",
					"$(inherited)",
				);
				INFOPLIST_FILE = TestWeb2NativeTests/Info.plist;
				LD_RUNPATH_SEARCH_PATHS = "$(inherited) @executable_path/Frameworks @loader_path/Frameworks";
				PRODUCT_NAME = "$(TARGET_NAME)";
				TEST_HOST = "$(BUILT_PRODUCTS_DIR)/TestWeb2Native.app/TestWeb2Native";
			};
			name = Debug;
		};
		078B504C1A021EE500967FE8 /* Release */ = {
			isa = XCBuildConfiguration;
			buildSettings = {
				BUNDLE_LOADER = "$(TEST_HOST)";
				FRAMEWORK_SEARCH_PATHS = (
					"$(SDKROOT)/Developer/Library/Frameworks",
					"$(inherited)",
				);
				INFOPLIST_FILE = TestWeb2NativeTests/Info.plist;
				LD_RUNPATH_SEARCH_PATHS = "$(inherited) @executable_path/Frameworks @loader_path/Frameworks";
				PRODUCT_NAME = "$(TARGET_NAME)";
				TEST_HOST = "$(BUILT_PRODUCTS_DIR)/TestWeb2Native.app/TestWeb2Native";
			};
			name = Release;
		};
/* End XCBuildConfiguration section */

/* Begin XCConfigurationList section */
		078B501F1A021EE500967FE8 /* Build configuration list for PBXProject "TestWeb2Native" */ = {
			isa = XCConfigurationList;
			buildConfigurations = (
				078B50451A021EE500967FE8 /* Debug */,
				078B50461A021EE500967FE8 /* Release */,
			);
			defaultConfigurationIsVisible = 0;
			defaultConfigurationName = Release;
		};
		078B50471A021EE500967FE8 /* Build configuration list for PBXNativeTarget "TestWeb2Native" */ = {
			isa = XCConfigurationList;
			buildConfigurations = (
				078B50481A021EE500967FE8 /* Debug */,
				078B50491A021EE500967FE8 /* Release */,
			);
			defaultConfigurationIsVisible = 0;
		};
		078B504A1A021EE500967FE8 /* Build configuration list for PBXNativeTarget "TestWeb2NativeTests" */ = {
			isa = XCConfigurationList;
			buildConfigurations = (
				078B504B1A021EE500967FE8 /* Debug */,
				078B504C1A021EE500967FE8 /* Release */,
			);
			defaultConfigurationIsVisible = 0;
		};
/* End XCConfigurationList section */
	};
	rootObject = 078B501C1A021EE500967FE8 /* Project object */;
}
